{
  "nodes": {
    "crane": {
      "inputs": {
        "nixpkgs": [
          "system-manager",
          "nixpkgs"
        ]
      },
      "locked": {
        "lastModified": 1715274763,
        "narHash": "sha256-3Iv1PGHJn9sV3HO4FlOVaaztOxa9uGLfOmUWrH7v7+A=",
        "owner": "ipetkov",
        "repo": "crane",
        "rev": "27025ab71bdca30e7ed0a16c88fd74c5970fc7f5",
        "type": "github"
      },
      "original": {
        "owner": "ipetkov",
        "repo": "crane",
        "type": "github"
      }
    },
    "devshell": {
      "inputs": {
        "flake-utils": "flake-utils_2",
        "nixpkgs": [
          "system-manager",
          "nixpkgs"
        ]
      },
      "locked": {
        "lastModified": 1713532798,
        "narHash": "sha256-wtBhsdMJA3Wa32Wtm1eeo84GejtI43pMrFrmwLXrsEc=",
        "owner": "numtide",
        "repo": "devshell",
        "rev": "12e914740a25ea1891ec619bb53cf5e6ca922e40",
        "type": "github"
      },
      "original": {
        "owner": "numtide",
        "repo": "devshell",
        "type": "github"
      }
    },
    "flake-utils": {
      "locked": {
        "lastModified": 1659877975,
        "narHash": "sha256-zllb8aq3YO3h8B/U0/J1WBgAL8EX5yWf5pMj3G0NAmc=",
        "owner": "numtide",
        "repo": "flake-utils",
        "rev": "c0e246b9b83f637f4681389ecabcb2681b4f3af0",
        "type": "github"
      },
      "original": {
        "owner": "numtide",
        "repo": "flake-utils",
        "type": "github"
      }
    },
    "flake-utils_2": {
      "inputs": {
        "systems": "systems"
      },
      "locked": {
        "lastModified": 1701680307,
        "narHash": "sha256-kAuep2h5ajznlPMD9rnQyffWG8EM/C73lejGofXvdM8=",
        "owner": "numtide",
        "repo": "flake-utils",
        "rev": "4022d587cbbfd70fe950c1e2083a02621806a725",
        "type": "github"
      },
      "original": {
        "owner": "numtide",
        "repo": "flake-utils",
        "type": "github"
      }
    },
    "flake-utils_3": {
      "inputs": {
        "systems": "systems_2"
      },
      "locked": {
        "lastModified": 1710146030,
        "narHash": "sha256-SZ5L6eA7HJ/nmkzGG7/ISclqe6oZdOZTNoesiInkXPQ=",
        "owner": "numtide",
        "repo": "flake-utils",
        "rev": "b1d9ab70662946ef0850d488da1c9019f3a9752a",
        "type": "github"
      },
      "original": {
        "owner": "numtide",
        "repo": "flake-utils",
        "type": "github"
      }
    },
    "home-manager": {
      "inputs": {
        "nixpkgs": [
          "nixpkgs"
        ]
      },
      "locked": {
        "lastModified": 1715018909,
        "narHash": "sha256-WMQes3l9EWumnEMjCHgUqn6ZcR6W+GM03VA3C5qd3z0=",
        "owner": "Smona",
        "repo": "home-manager",
        "rev": "680108fa274875ddc868fee5f2709b4f424f44db",
        "type": "github"
      },
      "original": {
        "owner": "Smona",
        "ref": "nixgl-compat",
        "repo": "home-manager",
        "type": "github"
      }
    },
    "nixGL": {
      "inputs": {
        "flake-utils": "flake-utils",
        "nixpkgs": [
          "nixpkgs"
        ]
      },
      "locked": {
        "lastModified": 1713543440,
        "narHash": "sha256-lnzZQYG0+EXl/6NkGpyIz+FEOc/DSEG57AP1VsdeNrM=",
        "owner": "nix-community",
        "repo": "nixGL",
        "rev": "310f8e49a149e4c9ea52f1adf70cdc768ec53f8a",
        "type": "github"
      },
      "original": {
        "owner": "nix-community",
        "repo": "nixGL",
        "type": "github"
      }
    },
    "nixpkgs": {
      "locked": {
        "lastModified": 1715534503,
        "narHash": "sha256-5ZSVkFadZbFP1THataCaSf0JH2cAH3S29hU9rrxTEqk=",
        "owner": "NixOS",
        "repo": "nixpkgs",
        "rev": "2057814051972fa1453ddfb0d98badbea9b83c06",
        "type": "github"
      },
      "original": {
        "owner": "NixOS",
        "ref": "nixos-unstable",
        "repo": "nixpkgs",
        "type": "github"
      }
    },
    "root": {
      "inputs": {
        "home-manager": "home-manager",
        "nixGL": "nixGL",
        "nixpkgs": "nixpkgs",
        "system-manager": "system-manager"
      }
    },
    "rust-overlay": {
      "inputs": {
        "flake-utils": [
          "system-manager",
          "flake-utils"
        ],
        "nixpkgs": [
          "system-manager",
          "nixpkgs"
        ]
      },
      "locked": {
        "lastModified": 1715566659,
        "narHash": "sha256-OpI0TnN+uE0vvxjPStlTzf5RTohIXVSMwrP9NEgMtaY=",
        "owner": "oxalica",
        "repo": "rust-overlay",
        "rev": "6c465248316cd31502c82f81f1a3acf2d621b01c",
        "type": "github"
      },
      "original": {
        "owner": "oxalica",
        "repo": "rust-overlay",
        "type": "github"
      }
    },
    "system-manager": {
      "inputs": {
        "crane": "crane",
        "devshell": "devshell",
        "flake-utils": "flake-utils_3",
        "nix-vm-test": [],
        "nixpkgs": [
          "nixpkgs"
        ],
        "pre-commit-hooks": [],
        "rust-overlay": "rust-overlay",
        "treefmt-nix": []
      },
      "locked": {
        "lastModified": 1715598105,
        "narHash": "sha256-zahwugeNBri58qenbdyzR8Pq8NHPUSz6//2F0xhgQsQ=",
        "owner": "numtide",
        "repo": "system-manager",
        "rev": "3c7b9266d1cdfb88803d0a6f8776bbf16d377721",
        "type": "github"
      },
      "original": {
        "owner": "numtide",
        "repo": "system-manager",
        "type": "github"
      }
    },
    "systems": {
      "locked": {
        "lastModified": 1681028828,
        "narHash": "sha256-Vy1rq5AaRuLzOxct8nz4T6wlgyUR7zLU309k9mBC768=",
        "owner": "nix-systems",
        "repo": "default",
        "rev": "da67096a3b9bf56a91d16901293e51ba5b49a27e",
        "type": "github"
      },
      "original": {
        "owner": "nix-systems",
        "repo": "default",
        "type": "github"
      }
    },
    "systems_2": {
      "locked": {
        "lastModified": 1681028828,
        "narHash": "sha256-Vy1rq5AaRuLzOxct8nz4T6wlgyUR7zLU309k9mBC768=",
        "owner": "nix-systems",
        "repo": "default",
        "rev": "da67096a3b9bf56a91d16901293e51ba5b49a27e",
        "type": "github"
      },
      "original": {
        "owner": "nix-systems",
        "repo": "default",
        "type": "github"
      }
    }
  },
  "root": "root",
  "version": 7
}
